PODS:
  - FMDB (2.7.5):
    - FMDB/standard (= 2.7.5)
  - FMDB/standard (2.7.5)
  - FMDBExtension (0.0.1):
    - FMDB

DEPENDENCIES:
  - FMDBExtension (from `../`)

SPEC REPOS:
  https://github.com/cocoapods/specs.git:
    - FMDB

EXTERNAL SOURCES:
  FMDBExtension:
    :path: "../"

SPEC CHECKSUMS:
  FMDB: 2ce00b547f966261cd18927a3ddb07cb6f3db82a
  FMDBExtension: 059f30f7a9136fd5b693efe283a3026d2e581f12

PODFILE CHECKSUM: 3633bb550759a99c7574547349b7046124ed25ef

COCOAPODS: 1.6.1
